
Microsoft Visual Studio Solution File, Format Version 9.00
# Visual Studio 2005
Project("{F184B08F-C81C-45F6-A57F-5ABD9991F28F}") = "dialogForm", "dialogForm\dialogForm.vbproj", "{9FB0F746-3898-42D9-B113-937FCA271BA3}"
EndProject
Global
	GlobalSection(SolutionConfigurationPlatforms) = preSolution
		Debug|Any CPU = Debug|Any CPU
		Release|Any CPU = Release|Any CPU
	EndGlobalSection
	GlobalSection(ProjectConfigurationPlatforms) = postSolution
		{9FB0F746-3898-42D9-B113-937FCA271BA3}.Debug|Any CPU.ActiveCfg = Debug|Any CPU
		{9FB0F746-3898-42D9-B113-937FCA271BA3}.Debug|Any CPU.Build.0 = Debug|Any CPU
		{9FB0F746-3898-42D9-B113-937FCA271BA3}.Release|Any CPU.ActiveCfg = Release|Any CPU
		{9FB0F746-3898-42D9-B113-937FCA271BA3}.Release|Any CPU.Build.0 = Release|Any CPU
	EndGlobalSection
	GlobalSection(SolutionProperties) = preSolution
		HideSolutionNode = FALSE
	EndGlobalSection
EndGlobal
