
Microsoft Visual Studio Solution File, Format Version 11.00
# Visual Studio 2010
Project("{FAE04EC0-301F-11D3-BF4B-00C04F79EFBC}") = "twProblem2MS", "twProblem2MS\twProblem2MS.csproj", "{75BD4F8F-A1D4-4942-B52E-D77575FA4EE6}"
EndProject
Project("{2150E333-8FDC-42A3-9474-1A3956D46DE8}") = "Solution Items", "Solution Items", "{F24323C2-8B6C-457F-BF2C-DE2C793CA4EE}"
	ProjectSection(SolutionItems) = preProject
		twProblem2MS\bin\Debug\input.txt = twProblem2MS\bin\Debug\input.txt
	EndProjectSection
EndProject
Global
	GlobalSection(SolutionConfigurationPlatforms) = preSolution
		Debug|x86 = Debug|x86
		Release|x86 = Release|x86
	EndGlobalSection
	GlobalSection(ProjectConfigurationPlatforms) = postSolution
		{75BD4F8F-A1D4-4942-B52E-D77575FA4EE6}.Debug|x86.ActiveCfg = Debug|x86
		{75BD4F8F-A1D4-4942-B52E-D77575FA4EE6}.Debug|x86.Build.0 = Debug|x86
		{75BD4F8F-A1D4-4942-B52E-D77575FA4EE6}.Release|x86.ActiveCfg = Release|x86
		{75BD4F8F-A1D4-4942-B52E-D77575FA4EE6}.Release|x86.Build.0 = Release|x86
	EndGlobalSection
	GlobalSection(SolutionProperties) = preSolution
		HideSolutionNode = FALSE
	EndGlobalSection
EndGlobal
