
Microsoft Visual Studio Solution File, Format Version 9.00
# Visual Studio 2005
Project("{FAE04EC0-301F-11D3-BF4B-00C04F79EFBC}") = "twProb2", "twProb2\twProb2.csproj", "{76DD8A32-F736-4200-82A8-460B91696CD7}"
EndProject
Global
	GlobalSection(SolutionConfigurationPlatforms) = preSolution
		Debug|Any CPU = Debug|Any CPU
		Release|Any CPU = Release|Any CPU
	EndGlobalSection
	GlobalSection(ProjectConfigurationPlatforms) = postSolution
		{76DD8A32-F736-4200-82A8-460B91696CD7}.Debug|Any CPU.ActiveCfg = Debug|Any CPU
		{76DD8A32-F736-4200-82A8-460B91696CD7}.Debug|Any CPU.Build.0 = Debug|Any CPU
		{76DD8A32-F736-4200-82A8-460B91696CD7}.Release|Any CPU.ActiveCfg = Release|Any CPU
		{76DD8A32-F736-4200-82A8-460B91696CD7}.Release|Any CPU.Build.0 = Release|Any CPU
	EndGlobalSection
	GlobalSection(SolutionProperties) = preSolution
		HideSolutionNode = FALSE
	EndGlobalSection
EndGlobal
