
Microsoft Visual Studio Solution File, Format Version 9.00
# Visual Studio 2005
Project("{F184B08F-C81C-45F6-A57F-5ABD9991F28F}") = "chapter 11", "chapter 11\chapter 11.vbproj", "{ED2397D8-FA5B-47A1-9DB2-0F54640B4BA0}"
EndProject
Global
	GlobalSection(SolutionConfigurationPlatforms) = preSolution
		Debug|Any CPU = Debug|Any CPU
		Release|Any CPU = Release|Any CPU
	EndGlobalSection
	GlobalSection(ProjectConfigurationPlatforms) = postSolution
		{ED2397D8-FA5B-47A1-9DB2-0F54640B4BA0}.Debug|Any CPU.ActiveCfg = Debug|Any CPU
		{ED2397D8-FA5B-47A1-9DB2-0F54640B4BA0}.Debug|Any CPU.Build.0 = Debug|Any CPU
		{ED2397D8-FA5B-47A1-9DB2-0F54640B4BA0}.Release|Any CPU.ActiveCfg = Release|Any CPU
		{ED2397D8-FA5B-47A1-9DB2-0F54640B4BA0}.Release|Any CPU.Build.0 = Release|Any CPU
	EndGlobalSection
	GlobalSection(SolutionProperties) = preSolution
		HideSolutionNode = FALSE
	EndGlobalSection
EndGlobal
