
Microsoft Visual Studio Solution File, Format Version 9.00
# Visual Studio 2005
Project("{F184B08F-C81C-45F6-A57F-5ABD9991F28F}") = "chapter 6", "chapter 6\chapter 6.vbproj", "{75332789-C259-4811-97EB-A5ADF9F08FD9}"
EndProject
Global
	GlobalSection(SolutionConfigurationPlatforms) = preSolution
		Debug|Any CPU = Debug|Any CPU
		Release|Any CPU = Release|Any CPU
	EndGlobalSection
	GlobalSection(ProjectConfigurationPlatforms) = postSolution
		{75332789-C259-4811-97EB-A5ADF9F08FD9}.Debug|Any CPU.ActiveCfg = Debug|Any CPU
		{75332789-C259-4811-97EB-A5ADF9F08FD9}.Debug|Any CPU.Build.0 = Debug|Any CPU
		{75332789-C259-4811-97EB-A5ADF9F08FD9}.Release|Any CPU.ActiveCfg = Release|Any CPU
		{75332789-C259-4811-97EB-A5ADF9F08FD9}.Release|Any CPU.Build.0 = Release|Any CPU
	EndGlobalSection
	GlobalSection(SolutionProperties) = preSolution
		HideSolutionNode = FALSE
	EndGlobalSection
EndGlobal
