
Microsoft Visual Studio Solution File, Format Version 10.00
# Visual Studio 2008
Project("{2857B73E-F847-4B02-9238-064979017E93}") = "cppscalegen", "cppscalegen\cppscalegen.cproj", "{2848B988-C837-4743-A116-BD6566511FA6}"
EndProject
Global
	GlobalSection(SolutionConfigurationPlatforms) = preSolution
		Debug|Any CPU = Debug|Any CPU
		Release|Any CPU = Release|Any CPU
	EndGlobalSection
	GlobalSection(ProjectConfigurationPlatforms) = postSolution
		{2848B988-C837-4743-A116-BD6566511FA6}.Debug|Any CPU.ActiveCfg = Debug|Any CPU
		{2848B988-C837-4743-A116-BD6566511FA6}.Debug|Any CPU.Build.0 = Debug|Any CPU
		{2848B988-C837-4743-A116-BD6566511FA6}.Release|Any CPU.ActiveCfg = Release|Any CPU
		{2848B988-C837-4743-A116-BD6566511FA6}.Release|Any CPU.Build.0 = Release|Any CPU
	EndGlobalSection
	GlobalSection(MonoDevelopProperties) = preSolution
		StartupItem = cppscalegen\cppscalegen.cproj
	EndGlobalSection
EndGlobal
